
Microsoft Visual Studio Solution File, Format Version 12.00
# Visual Studio Version 17
VisualStudioVersion = 17.8.34004.107
MinimumVisualStudioVersion = 10.0.40219.1
Project("{FAE04EC0-301F-11D3-BF4B-00C04F79EFBC}") = "LeetCode", "LeetCode\LeetCode.csproj", "{18E35CE7-43F7-4565-A490-6EAB3147E36D}"
EndProject
Global
	GlobalSection(SolutionConfigurationPlatforms) = preSolution
		Debug|Any CPU = Debug|Any CPU
		Release|Any CPU = Release|Any CPU
	EndGlobalSection
	GlobalSection(ProjectConfigurationPlatforms) = postSolution
		{18E35CE7-43F7-4565-A490-6EAB3147E36D}.Debug|Any CPU.ActiveCfg = Debug|Any CPU
		{18E35CE7-43F7-4565-A490-6EAB3147E36D}.Debug|Any CPU.Build.0 = Debug|Any CPU
		{18E35CE7-43F7-4565-A490-6EAB3147E36D}.Release|Any CPU.ActiveCfg = Release|Any CPU
		{18E35CE7-43F7-4565-A490-6EAB3147E36D}.Release|Any CPU.Build.0 = Release|Any CPU
	EndGlobalSection
	GlobalSection(SolutionProperties) = preSolution
		HideSolutionNode = FALSE
	EndGlobalSection
	GlobalSection(ExtensibilityGlobals) = postSolution
		SolutionGuid = {21B42B5F-6D2B-4944-87C3-DBE116598CC9}
	EndGlobalSection
EndGlobal
